// !$*UTF8*$!
{
	archiveVersion = 1;
	classes = {
	};
	objectVersion = 48;
	objects = {

/* Begin PBXBuildFile section */
		63F2C2AE204B807A00F9CEDF /* AppDelegate.swift in Sources */ = {isa = PBXBuildFile; fileRef = 63F2C2AD204B807A00F9CEDF /* AppDelegate.swift */; };
		63F2C2B0204B807A00F9CEDF /* ViewController.swift in Sources */ = {isa = PBXBuildFile; fileRef = 63F2C2AF204B807A00F9CEDF /* ViewController.swift */; };
		63F2C2B5204B807A00F9CEDF /* Assets.xcassets in Resources */ = {isa = PBXBuildFile; fileRef = 63F2C2B4204B807A00F9CEDF /* Assets.xcassets */; };
		63F2C2B8204B807A00F9CEDF /* LaunchScreen.storyboard in Resources */ = {isa = PBXBuildFile; fileRef = 63F2C2B6204B807A00F9CEDF /* LaunchScreen.storyboard */; };
		63F2C2C4204B809500F9CEDF /* haarcascade_frontalface_default.xml in Resources */ = {isa = PBXBuildFile; fileRef = 63F2C2C2204B809400F9CEDF /* haarcascade_frontalface_default.xml */; };
		63F2C2C5204B809500F9CEDF /* haarcascade_eye.xml in Resources */ = {isa = PBXBuildFile; fileRef = 63F2C2C3204B809400F9CEDF /* haarcascade_eye.xml */; };
		63F2C2CE204B80CE00F9CEDF /* AssetsLibrary.framework in Frameworks */ = {isa = PBXBuildFile; fileRef = 63F2C2C9204B80CE00F9CEDF /* AssetsLibrary.framework */; };
		63F2C2CF204B80CE00F9CEDF /* CoreFoundation.framework in Frameworks */ = {isa = PBXBuildFile; fileRef = 63F2C2CA204B80CE00F9CEDF /* CoreFoundation.framework */; };
		63F2C2D0204B80CE00F9CEDF /* CoreGraphics.framework in Frameworks */ = {isa = PBXBuildFile; fileRef = 63F2C2CB204B80CE00F9CEDF /* CoreGraphics.framework */; };
		63F2C2D1204B80CE00F9CEDF /* CoreMedia.framework in Frameworks */ = {isa = PBXBuildFile; fileRef = 63F2C2CC204B80CE00F9CEDF /* CoreMedia.framework */; };
		63F2C2D2204B80CE00F9CEDF /* Accelerate.framework in Frameworks */ = {isa = PBXBuildFile; fileRef = 63F2C2CD204B80CE00F9CEDF /* Accelerate.framework */; };
		63F2C2D6204B80EA00F9CEDF /* OpencvWrapper.mm in Sources */ = {isa = PBXBuildFile; fileRef = 63F2C2D5204B80EA00F9CEDF /* OpencvWrapper.mm */; };
		63F2C2D9204BA00900F9CEDF /* FrameExtractor.swift in Sources */ = {isa = PBXBuildFile; fileRef = 63F2C2D8204BA00900F9CEDF /* FrameExtractor.swift */; };
		B01E6ED720C6D5FD003102EE /* ARViewController.swift in Sources */ = {isa = PBXBuildFile; fileRef = B01E6ED620C6D5FD003102EE /* ARViewController.swift */; };
		B01E6EE620C6DBCF003102EE /* MobileNet.mlmodel in Sources */ = {isa = PBXBuildFile; fileRef = B01E6EE520C6DBCF003102EE /* MobileNet.mlmodel */; };
		B01E6EF420C6E1F4003102EE /* ARMain.storyboard in Resources */ = {isa = PBXBuildFile; fileRef = B01E6EF320C6E1F3003102EE /* ARMain.storyboard */; };
		B01E6EF820C6FAB5003102EE /* Main.storyboard in Resources */ = {isa = PBXBuildFile; fileRef = B01E6EF720C6FAB5003102EE /* Main.storyboard */; };
		B01E6EFC20C70044003102EE /* ARFaceViewController.swift in Sources */ = {isa = PBXBuildFile; fileRef = B01E6EFB20C70044003102EE /* ARFaceViewController.swift */; };
		B02A0C30208FABF6003A9838 /* LoginCoordinator.swift in Sources */ = {isa = PBXBuildFile; fileRef = B02A0C2F208FABF6003A9838 /* LoginCoordinator.swift */; };
		B02A0C34208FACB5003A9838 /* FirstViewController.swift in Sources */ = {isa = PBXBuildFile; fileRef = B02A0C33208FACB5003A9838 /* FirstViewController.swift */; };
		B04B0890207B791600A19863 /* FCSearchViewController.m in Sources */ = {isa = PBXBuildFile; fileRef = B04B088E207B791600A19863 /* FCSearchViewController.m */; };
		B04B0891207B791600A19863 /* FCSearchViewController.xib in Resources */ = {isa = PBXBuildFile; fileRef = B04B088F207B791600A19863 /* FCSearchViewController.xib */; };
		B04B0895207B79C800A19863 /* MBProgressHUD.m in Sources */ = {isa = PBXBuildFile; fileRef = B04B0894207B79C800A19863 /* MBProgressHUD.m */; };
		B04B08B4207B7A4600A19863 /* UIButton+WebCache.m in Sources */ = {isa = PBXBuildFile; fileRef = B04B0897207B7A4400A19863 /* UIButton+WebCache.m */; };
		B04B08B5207B7A4600A19863 /* UIImageView+WebCache.m in Sources */ = {isa = PBXBuildFile; fileRef = B04B0899207B7A4400A19863 /* UIImageView+WebCache.m */; };
		B04B08B6207B7A4600A19863 /* SDWebImageCompat.m in Sources */ = {isa = PBXBuildFile; fileRef = B04B089B207B7A4400A19863 /* SDWebImageCompat.m */; };
		B04B08B7207B7A4600A19863 /* SDWebImagePrefetcher.m in Sources */ = {isa = PBXBuildFile; fileRef = B04B089C207B7A4400A19863 /* SDWebImagePrefetcher.m */; };
		B04B08B8207B7A4600A19863 /* UIImage+MultiFormat.m in Sources */ = {isa = PBXBuildFile; fileRef = B04B08A1207B7A4400A19863 /* UIImage+MultiFormat.m */; };
		B04B08B9207B7A4600A19863 /* UIView+WebCacheOperation.m in Sources */ = {isa = PBXBuildFile; fileRef = B04B08A2207B7A4400A19863 /* UIView+WebCacheOperation.m */; };
		B04B08BA207B7A4600A19863 /* SDWebImageDownloader.m in Sources */ = {isa = PBXBuildFile; fileRef = B04B08A3207B7A4400A19863 /* SDWebImageDownloader.m */; };
		B04B08BB207B7A4600A19863 /* SDWebImageDecoder.m in Sources */ = {isa = PBXBuildFile; fileRef = B04B08A4207B7A4500A19863 /* SDWebImageDecoder.m */; };
		B04B08BC207B7A4600A19863 /* SDWebImageManager.m in Sources */ = {isa = PBXBuildFile; fileRef = B04B08AB207B7A4500A19863 /* SDWebImageManager.m */; };
		B04B08BD207B7A4600A19863 /* SDWebImageDownloaderOperation.m in Sources */ = {isa = PBXBuildFile; fileRef = B04B08AC207B7A4500A19863 /* SDWebImageDownloaderOperation.m */; };
		B04B08BE207B7A4600A19863 /* SDImageCache.m in Sources */ = {isa = PBXBuildFile; fileRef = B04B08AD207B7A4500A19863 /* SDImageCache.m */; };
		B04B08BF207B7A4600A19863 /* UIImage+GIF.m in Sources */ = {isa = PBXBuildFile; fileRef = B04B08B0207B7A4500A19863 /* UIImage+GIF.m */; };
		B04B08C0207B7A4600A19863 /* NSData+ImageContentType.m in Sources */ = {isa = PBXBuildFile; fileRef = B04B08B1207B7A4500A19863 /* NSData+ImageContentType.m */; };
		B04B08C1207B7A4600A19863 /* UIImageView+HighlightedWebCache.m in Sources */ = {isa = PBXBuildFile; fileRef = B04B08B3207B7A4600A19863 /* UIImageView+HighlightedWebCache.m */; };
		B04B08C3207B7E4A00A19863 /* AddFaceViewController.swift in Sources */ = {isa = PBXBuildFile; fileRef = B04B08C2207B7E4A00A19863 /* AddFaceViewController.swift */; };
		B05BA814207682AF00AD20BB /* MainViewController.swift in Sources */ = {isa = PBXBuildFile; fileRef = B05BA813207682AF00AD20BB /* MainViewController.swift */; };
		B08F73B520755BD0008A84A0 /* opencv2.framework in Frameworks */ = {isa = PBXBuildFile; fileRef = B08F73B420755BD0008A84A0 /* opencv2.framework */; };
		B08F73C920755C4F008A84A0 /* FCPPMergeface.m in Sources */ = {isa = PBXBuildFile; fileRef = B08F73B920755C4F008A84A0 /* FCPPMergeface.m */; };
		B08F73CA20755C4F008A84A0 /* FCPPFaceDetect.m in Sources */ = {isa = PBXBuildFile; fileRef = B08F73BA20755C4F008A84A0 /* FCPPFaceDetect.m */; };
		B08F73CB20755C4F008A84A0 /* FCPPFace.m in Sources */ = {isa = PBXBuildFile; fileRef = B08F73BD20755C4F008A84A0 /* FCPPFace.m */; };
		B08F73CC20755C4F008A84A0 /* FCPPOCR.m in Sources */ = {isa = PBXBuildFile; fileRef = B08F73BE20755C4F008A84A0 /* FCPPOCR.m */; };
		B08F73CD20755C4F008A84A0 /* UIImage+FCExtension.m in Sources */ = {isa = PBXBuildFile; fileRef = B08F73C020755C4F008A84A0 /* UIImage+FCExtension.m */; };
		B08F73CE20755C4F008A84A0 /* FCPPApi.m in Sources */ = {isa = PBXBuildFile; fileRef = B08F73C220755C4F008A84A0 /* FCPPApi.m */; };
		B08F73CF20755C4F008A84A0 /* FCPPFaceSet.m in Sources */ = {isa = PBXBuildFile; fileRef = B08F73C320755C4F008A84A0 /* FCPPFaceSet.m */; };
		B08F73D020755C4F008A84A0 /* FCPPBody.m in Sources */ = {isa = PBXBuildFile; fileRef = B08F73C720755C4F008A84A0 /* FCPPBody.m */; };
		B08F73F520755C55008A84A0 /* UIProgressView+AFNetworking.m in Sources */ = {isa = PBXBuildFile; fileRef = B08F73D320755C55008A84A0 /* UIProgressView+AFNetworking.m */; };
		B08F73F620755C55008A84A0 /* UIRefreshControl+AFNetworking.m in Sources */ = {isa = PBXBuildFile; fileRef = B08F73D520755C55008A84A0 /* UIRefreshControl+AFNetworking.m */; };
		B08F73F720755C55008A84A0 /* AFNetworkActivityIndicatorManager.m in Sources */ = {isa = PBXBuildFile; fileRef = B08F73D820755C55008A84A0 /* AFNetworkActivityIndicatorManager.m */; };
		B08F73F820755C55008A84A0 /* UIImageView+AFNetworking.m in Sources */ = {isa = PBXBuildFile; fileRef = B08F73DE20755C55008A84A0 /* UIImageView+AFNetworking.m */; };
		B08F73F920755C55008A84A0 /* UIButton+AFNetworking.m in Sources */ = {isa = PBXBuildFile; fileRef = B08F73E120755C55008A84A0 /* UIButton+AFNetworking.m */; };
		B08F73FA20755C55008A84A0 /* UIActivityIndicatorView+AFNetworking.m in Sources */ = {isa = PBXBuildFile; fileRef = B08F73E220755C55008A84A0 /* UIActivityIndicatorView+AFNetworking.m */; };
		B08F73FB20755C55008A84A0 /* UIWebView+AFNetworking.m in Sources */ = {isa = PBXBuildFile; fileRef = B08F73E320755C55008A84A0 /* UIWebView+AFNetworking.m */; };
		B08F73FC20755C55008A84A0 /* AFAutoPurgingImageCache.m in Sources */ = {isa = PBXBuildFile; fileRef = B08F73E420755C55008A84A0 /* AFAutoPurgingImageCache.m */; };
		B08F73FD20755C55008A84A0 /* AFImageDownloader.m in Sources */ = {isa = PBXBuildFile; fileRef = B08F73E620755C55008A84A0 /* AFImageDownloader.m */; };
		B08F73FE20755C55008A84A0 /* AFURLResponseSerialization.m in Sources */ = {isa = PBXBuildFile; fileRef = B08F73EC20755C55008A84A0 /* AFURLResponseSerialization.m */; };
		B08F73FF20755C55008A84A0 /* AFHTTPSessionManager.m in Sources */ = {isa = PBXBuildFile; fileRef = B08F73ED20755C55008A84A0 /* AFHTTPSessionManager.m */; };
		B08F740020755C55008A84A0 /* AFURLSessionManager.m in Sources */ = {isa = PBXBuildFile; fileRef = B08F73EF20755C55008A84A0 /* AFURLSessionManager.m */; };
		B08F740120755C55008A84A0 /* AFURLRequestSerialization.m in Sources */ = {isa = PBXBuildFile; fileRef = B08F73F020755C55008A84A0 /* AFURLRequestSerialization.m */; };
		B08F740220755C55008A84A0 /* AFNetworkReachabilityManager.m in Sources */ = {isa = PBXBuildFile; fileRef = B08F73F220755C55008A84A0 /* AFNetworkReachabilityManager.m */; };
		B08F740320755C55008A84A0 /* AFSecurityPolicy.m in Sources */ = {isa = PBXBuildFile; fileRef = B08F73F320755C55008A84A0 /* AFSecurityPolicy.m */; };
		D21440532A5C2A933F9411D4 /* Pods_face_detection.framework in Frameworks */ = {isa = PBXBuildFile; fileRef = 757B2F183E4F04C198D14412 /* Pods_face_detection.framework */; };
/* End PBXBuildFile section */

/* Begin PBXFileReference section */
		63F2C2AA204B807A00F9CEDF /* face_detection.app */ = {isa = PBXFileReference; explicitFileType = wrapper.application; includeInIndex = 0; path = face_detection.app; sourceTree = BUILT_PRODUCTS_DIR; };
		63F2C2AD204B807A00F9CEDF /* AppDelegate.swift */ = {isa = PBXFileReference; lastKnownFileType = sourcecode.swift; path = AppDelegate.swift; sourceTree = "<group>"; };
		63F2C2AF204B807A00F9CEDF /* ViewController.swift */ = {isa = PBXFileReference; lastKnownFileType = sourcecode.swift; path = ViewController.swift; sourceTree = "<group>"; };
		63F2C2B4204B807A00F9CEDF /* Assets.xcassets */ = {isa = PBXFileReference; lastKnownFileType = folder.assetcatalog; path = Assets.xcassets; sourceTree = "<group>"; };
		63F2C2B7204B807A00F9CEDF /* Base */ = {isa = PBXFileReference; lastKnownFileType = file.storyboard; name = Base; path = Base.lproj/LaunchScreen.storyboard; sourceTree = "<group>"; };
		63F2C2B9204B807A00F9CEDF /* Info.plist */ = {isa = PBXFileReference; lastKnownFileType = text.plist.xml; path = Info.plist; sourceTree = "<group>"; };
		63F2C2C2204B809400F9CEDF /* haarcascade_frontalface_default.xml */ = {isa = PBXFileReference; fileEncoding = 4; lastKnownFileType = text.xml; name = haarcascade_frontalface_default.xml; path = ../../../opencv_test/opencv_test/res/haarcascade_frontalface_default.xml; sourceTree = "<group>"; };
		63F2C2C3204B809400F9CEDF /* haarcascade_eye.xml */ = {isa = PBXFileReference; fileEncoding = 4; lastKnownFileType = text.xml; name = haarcascade_eye.xml; path = ../../../opencv_test/opencv_test/res/haarcascade_eye.xml; sourceTree = "<group>"; };
		63F2C2C9204B80CE00F9CEDF /* AssetsLibrary.framework */ = {isa = PBXFileReference; lastKnownFileType = wrapper.framework; name = AssetsLibrary.framework; path = System/Library/Frameworks/AssetsLibrary.framework; sourceTree = SDKROOT; };
		63F2C2CA204B80CE00F9CEDF /* CoreFoundation.framework */ = {isa = PBXFileReference; lastKnownFileType = wrapper.framework; name = CoreFoundation.framework; path = System/Library/Frameworks/CoreFoundation.framework; sourceTree = SDKROOT; };
		63F2C2CB204B80CE00F9CEDF /* CoreGraphics.framework */ = {isa = PBXFileReference; lastKnownFileType = wrapper.framework; name = CoreGraphics.framework; path = System/Library/Frameworks/CoreGraphics.framework; sourceTree = SDKROOT; };
		63F2C2CC204B80CE00F9CEDF /* CoreMedia.framework */ = {isa = PBXFileReference; lastKnownFileType = wrapper.framework; name = CoreMedia.framework; path = System/Library/Frameworks/CoreMedia.framework; sourceTree = SDKROOT; };
		63F2C2CD204B80CE00F9CEDF /* Accelerate.framework */ = {isa = PBXFileReference; lastKnownFileType = wrapper.framework; name = Accelerate.framework; path = System/Library/Frameworks/Accelerate.framework; sourceTree = SDKROOT; };
		63F2C2D3204B80EA00F9CEDF /* face_detection-Bridging-Header.h */ = {isa = PBXFileReference; lastKnownFileType = sourcecode.c.h; path = "face_detection-Bridging-Header.h"; sourceTree = "<group>"; };
		63F2C2D4204B80EA00F9CEDF /* OpencvWrapper.h */ = {isa = PBXFileReference; lastKnownFileType = sourcecode.c.h; path = OpencvWrapper.h; sourceTree = "<group>"; };
		63F2C2D5204B80EA00F9CEDF /* OpencvWrapper.mm */ = {isa = PBXFileReference; lastKnownFileType = sourcecode.cpp.objcpp; path = OpencvWrapper.mm; sourceTree = "<group>"; };
		63F2C2D7204B80FD00F9CEDF /* PrefixHeader.pch */ = {isa = PBXFileReference; lastKnownFileType = sourcecode.c.h; path = PrefixHeader.pch; sourceTree = "<group>"; };
		63F2C2D8204BA00900F9CEDF /* FrameExtractor.swift */ = {isa = PBXFileReference; fileEncoding = 4; lastKnownFileType = sourcecode.swift; path = FrameExtractor.swift; sourceTree = "<group>"; };
		696096EF6D42B95253477A9C /* Pods-face_detection.release.xcconfig */ = {isa = PBXFileReference; includeInIndex = 1; lastKnownFileType = text.xcconfig; name = "Pods-face_detection.release.xcconfig"; path = "Pods/Target Support Files/Pods-face_detection/Pods-face_detection.release.xcconfig"; sourceTree = "<group>"; };
		757B2F183E4F04C198D14412 /* Pods_face_detection.framework */ = {isa = PBXFileReference; explicitFileType = wrapper.framework; includeInIndex = 0; path = Pods_face_detection.framework; sourceTree = BUILT_PRODUCTS_DIR; };
		B01E6ED620C6D5FD003102EE /* ARViewController.swift */ = {isa = PBXFileReference; lastKnownFileType = sourcecode.swift; path = ARViewController.swift; sourceTree = "<group>"; };
		B01E6EE520C6DBCF003102EE /* MobileNet.mlmodel */ = {isa = PBXFileReference; lastKnownFileType = file.mlmodel; path = MobileNet.mlmodel; sourceTree = SOURCE_ROOT; };
		B01E6EF320C6E1F3003102EE /* ARMain.storyboard */ = {isa = PBXFileReference; fileEncoding = 4; lastKnownFileType = file.storyboard; path = ARMain.storyboard; sourceTree = "<group>"; };
		B01E6EF720C6FAB5003102EE /* Main.storyboard */ = {isa = PBXFileReference; fileEncoding = 4; lastKnownFileType = file.storyboard; path = Main.storyboard; sourceTree = "<group>"; };
		B01E6EFB20C70044003102EE /* ARFaceViewController.swift */ = {isa = PBXFileReference; lastKnownFileType = sourcecode.swift; path = ARFaceViewController.swift; sourceTree = "<group>"; };
		B02A0C2F208FABF6003A9838 /* LoginCoordinator.swift */ = {isa = PBXFileReference; lastKnownFileType = sourcecode.swift; path = LoginCoordinator.swift; sourceTree = "<group>"; };
		B02A0C33208FACB5003A9838 /* FirstViewController.swift */ = {isa = PBXFileReference; lastKnownFileType = sourcecode.swift; path = FirstViewController.swift; sourceTree = "<group>"; };
		B04B088D207B791600A19863 /* FCSearchViewController.h */ = {isa = PBXFileReference; fileEncoding = 4; lastKnownFileType = sourcecode.c.h; path = FCSearchViewController.h; sourceTree = "<group>"; };
		B04B088E207B791600A19863 /* FCSearchViewController.m */ = {isa = PBXFileReference; fileEncoding = 4; lastKnownFileType = sourcecode.c.objc; path = FCSearchViewController.m; sourceTree = "<group>"; };
		B04B088F207B791600A19863 /* FCSearchViewController.xib */ = {isa = PBXFileReference; fileEncoding = 4; lastKnownFileType = file.xib; path = FCSearchViewController.xib; sourceTree = "<group>"; };
		B04B0893207B79C800A19863 /* MBProgressHUD.h */ = {isa = PBXFileReference; fileEncoding = 4; lastKnownFileType = sourcecode.c.h; path = MBProgressHUD.h; sourceTree = "<group>"; };
		B04B0894207B79C800A19863 /* MBProgressHUD.m */ = {isa = PBXFileReference; fileEncoding = 4; lastKnownFileType = sourcecode.c.objc; path = MBProgressHUD.m; sourceTree = "<group>"; };
		B04B0897207B7A4400A19863 /* UIButton+WebCache.m */ = {isa = PBXFileReference; fileEncoding = 4; lastKnownFileType = sourcecode.c.objc; path = "UIButton+WebCache.m"; sourceTree = "<group>"; };
		B04B0898207B7A4400A19863 /* SDImageCache.h */ = {isa = PBXFileReference; fileEncoding = 4; lastKnownFileType = sourcecode.c.h; path = SDImageCache.h; sourceTree = "<group>"; };
		B04B0899207B7A4400A19863 /* UIImageView+WebCache.m */ = {isa = PBXFileReference; fileEncoding = 4; lastKnownFileType = sourcecode.c.objc; path = "UIImageView+WebCache.m"; sourceTree = "<group>"; };
		B04B089A207B7A4400A19863 /* SDWebImageDecoder.h */ = {isa = PBXFileReference; fileEncoding = 4; lastKnownFileType = sourcecode.c.h; path = SDWebImageDecoder.h; sourceTree = "<group>"; };
		B04B089B207B7A4400A19863 /* SDWebImageCompat.m */ = {isa = PBXFileReference; fileEncoding = 4; lastKnownFileType = sourcecode.c.objc; path = SDWebImageCompat.m; sourceTree = "<group>"; };
		B04B089C207B7A4400A19863 /* SDWebImagePrefetcher.m */ = {isa = PBXFileReference; fileEncoding = 4; lastKnownFileType = sourcecode.c.objc; path = SDWebImagePrefetcher.m; sourceTree = "<group>"; };
		B04B089D207B7A4400A19863 /* UIImage+GIF.h */ = {isa = PBXFileReference; fileEncoding = 4; lastKnownFileType = sourcecode.c.h; path = "UIImage+GIF.h"; sourceTree = "<group>"; };
		B04B089E207B7A4400A19863 /* SDWebImageManager.h */ = {isa = PBXFileReference; fileEncoding = 4; lastKnownFileType = sourcecode.c.h; path = SDWebImageManager.h; sourceTree = "<group>"; };
		B04B089F207B7A4400A19863 /* SDWebImageDownloader.h */ = {isa = PBXFileReference; fileEncoding = 4; lastKnownFileType = sourcecode.c.h; path = SDWebImageDownloader.h; sourceTree = "<group>"; };
		B04B08A0207B7A4400A19863 /* UIImage+MultiFormat.h */ = {isa = PBXFileReference; fileEncoding = 4; lastKnownFileType = sourcecode.c.h; path = "UIImage+MultiFormat.h"; sourceTree = "<group>"; };
		B04B08A1207B7A4400A19863 /* UIImage+MultiFormat.m */ = {isa = PBXFileReference; fileEncoding = 4; lastKnownFileType = sourcecode.c.objc; path = "UIImage+MultiFormat.m"; sourceTree = "<group>"; };
		B04B08A2207B7A4400A19863 /* UIView+WebCacheOperation.m */ = {isa = PBXFileReference; fileEncoding = 4; lastKnownFileType = sourcecode.c.objc; path = "UIView+WebCacheOperation.m"; sourceTree = "<group>"; };
		B04B08A3207B7A4400A19863 /* SDWebImageDownloader.m */ = {isa = PBXFileReference; fileEncoding = 4; lastKnownFileType = sourcecode.c.objc; path = SDWebImageDownloader.m; sourceTree = "<group>"; };
		B04B08A4207B7A4500A19863 /* SDWebImageDecoder.m */ = {isa = PBXFileReference; fileEncoding = 4; lastKnownFileType = sourcecode.c.objc; path = SDWebImageDecoder.m; sourceTree = "<group>"; };
		B04B08A5207B7A4500A19863 /* UIButton+WebCache.h */ = {isa = PBXFileReference; fileEncoding = 4; lastKnownFileType = sourcecode.c.h; path = "UIButton+WebCache.h"; sourceTree = "<group>"; };
		B04B08A6207B7A4500A19863 /* SDWebImageCompat.h */ = {isa = PBXFileReference; fileEncoding = 4; lastKnownFileType = sourcecode.c.h; path = SDWebImageCompat.h; sourceTree = "<group>"; };
		B04B08A7207B7A4500A19863 /* SDWebImageDownloaderOperation.h */ = {isa = PBXFileReference; fileEncoding = 4; lastKnownFileType = sourcecode.c.h; path = SDWebImageDownloaderOperation.h; sourceTree = "<group>"; };
		B04B08A8207B7A4500A19863 /* UIImageView+HighlightedWebCache.h */ = {isa = PBXFileReference; fileEncoding = 4; lastKnownFileType = sourcecode.c.h; path = "UIImageView+HighlightedWebCache.h"; sourceTree = "<group>"; };
		B04B08A9207B7A4500A19863 /* UIImageView+WebCache.h */ = {isa = PBXFileReference; fileEncoding = 4; lastKnownFileType = sourcecode.c.h; path = "UIImageView+WebCache.h"; sourceTree = "<group>"; };
		B04B08AA207B7A4500A19863 /* UIView+WebCacheOperation.h */ = {isa = PBXFileReference; fileEncoding = 4; lastKnownFileType = sourcecode.c.h; path = "UIView+WebCacheOperation.h"; sourceTree = "<group>"; };
		B04B08AB207B7A4500A19863 /* SDWebImageManager.m */ = {isa = PBXFileReference; fileEncoding = 4; lastKnownFileType = sourcecode.c.objc; path = SDWebImageManager.m; sourceTree = "<group>"; };
		B04B08AC207B7A4500A19863 /* SDWebImageDownloaderOperation.m */ = {isa = PBXFileReference; fileEncoding = 4; lastKnownFileType = sourcecode.c.objc; path = SDWebImageDownloaderOperation.m; sourceTree = "<group>"; };
		B04B08AD207B7A4500A19863 /* SDImageCache.m */ = {isa = PBXFileReference; fileEncoding = 4; lastKnownFileType = sourcecode.c.objc; path = SDImageCache.m; sourceTree = "<group>"; };
		B04B08AE207B7A4500A19863 /* SDWebImageOperation.h */ = {isa = PBXFileReference; fileEncoding = 4; lastKnownFileType = sourcecode.c.h; path = SDWebImageOperation.h; sourceTree = "<group>"; };
		B04B08AF207B7A4500A19863 /* NSData+ImageContentType.h */ = {isa = PBXFileReference; fileEncoding = 4; lastKnownFileType = sourcecode.c.h; path = "NSData+ImageContentType.h"; sourceTree = "<group>"; };
		B04B08B0207B7A4500A19863 /* UIImage+GIF.m */ = {isa = PBXFileReference; fileEncoding = 4; lastKnownFileType = sourcecode.c.objc; path = "UIImage+GIF.m"; sourceTree = "<group>"; };
		B04B08B1207B7A4500A19863 /* NSData+ImageContentType.m */ = {isa = PBXFileReference; fileEncoding = 4; lastKnownFileType = sourcecode.c.objc; path = "NSData+ImageContentType.m"; sourceTree = "<group>"; };
		B04B08B2207B7A4600A19863 /* SDWebImagePrefetcher.h */ = {isa = PBXFileReference; fileEncoding = 4; lastKnownFileType = sourcecode.c.h; path = SDWebImagePrefetcher.h; sourceTree = "<group>"; };
		B04B08B3207B7A4600A19863 /* UIImageView+HighlightedWebCache.m */ = {isa = PBXFileReference; fileEncoding = 4; lastKnownFileType = sourcecode.c.objc; path = "UIImageView+HighlightedWebCache.m"; sourceTree = "<group>"; };
		B04B08C2207B7E4A00A19863 /* AddFaceViewController.swift */ = {isa = PBXFileReference; lastKnownFileType = sourcecode.swift; path = AddFaceViewController.swift; sourceTree = "<group>"; };
		B05BA813207682AF00AD20BB /* MainViewController.swift */ = {isa = PBXFileReference; lastKnownFileType = sourcecode.swift; path = MainViewController.swift; sourceTree = "<group>"; };
		B08F73B420755BD0008A84A0 /* opencv2.framework */ = {isa = PBXFileReference; lastKnownFileType = wrapper.framework; path = opencv2.framework; sourceTree = "<group>"; };
		B08F73B720755C4F008A84A0 /* FCPPConfig.h */ = {isa = PBXFileReference; fileEncoding = 4; lastKnownFileType = sourcecode.c.h; path = FCPPConfig.h; sourceTree = "<group>"; };
		B08F73B820755C4F008A84A0 /* FCPPApi.h */ = {isa = PBXFileReference; fileEncoding = 4; lastKnownFileType = sourcecode.c.h; path = FCPPApi.h; sourceTree = "<group>"; };
		B08F73B920755C4F008A84A0 /* FCPPMergeface.m */ = {isa = PBXFileReference; fileEncoding = 4; lastKnownFileType = sourcecode.c.objc; path = FCPPMergeface.m; sourceTree = "<group>"; };
		B08F73BA20755C4F008A84A0 /* FCPPFaceDetect.m */ = {isa = PBXFileReference; fileEncoding = 4; lastKnownFileType = sourcecode.c.objc; path = FCPPFaceDetect.m; sourceTree = "<group>"; };
		B08F73BB20755C4F008A84A0 /* FCPPSDK.h */ = {isa = PBXFileReference; fileEncoding = 4; lastKnownFileType = sourcecode.c.h; path = FCPPSDK.h; sourceTree = "<group>"; };
		B08F73BC20755C4F008A84A0 /* FCPPFaceSet.h */ = {isa = PBXFileReference; fileEncoding = 4; lastKnownFileType = sourcecode.c.h; path = FCPPFaceSet.h; sourceTree = "<group>"; };
		B08F73BD20755C4F008A84A0 /* FCPPFace.m */ = {isa = PBXFileReference; fileEncoding = 4; lastKnownFileType = sourcecode.c.objc; path = FCPPFace.m; sourceTree = "<group>"; };
		B08F73BE20755C4F008A84A0 /* FCPPOCR.m */ = {isa = PBXFileReference; fileEncoding = 4; lastKnownFileType = sourcecode.c.objc; path = FCPPOCR.m; sourceTree = "<group>"; };
		B08F73BF20755C4F008A84A0 /* FCPPBody.h */ = {isa = PBXFileReference; fileEncoding = 4; lastKnownFileType = sourcecode.c.h; path = FCPPBody.h; sourceTree = "<group>"; };
		B08F73C020755C4F008A84A0 /* UIImage+FCExtension.m */ = {isa = PBXFileReference; fileEncoding = 4; lastKnownFileType = sourcecode.c.objc; path = "UIImage+FCExtension.m"; sourceTree = "<group>"; };
		B08F73C120755C4F008A84A0 /* FCPPMergeface.h */ = {isa = PBXFileReference; fileEncoding = 4; lastKnownFileType = sourcecode.c.h; path = FCPPMergeface.h; sourceTree = "<group>"; };
		B08F73C220755C4F008A84A0 /* FCPPApi.m */ = {isa = PBXFileReference; fileEncoding = 4; lastKnownFileType = sourcecode.c.objc; path = FCPPApi.m; sourceTree = "<group>"; };
		B08F73C320755C4F008A84A0 /* FCPPFaceSet.m */ = {isa = PBXFileReference; fileEncoding = 4; lastKnownFileType = sourcecode.c.objc; path = FCPPFaceSet.m; sourceTree = "<group>"; };
		B08F73C420755C4F008A84A0 /* FCPPFaceDetect.h */ = {isa = PBXFileReference; fileEncoding = 4; lastKnownFileType = sourcecode.c.h; path = FCPPFaceDetect.h; sourceTree = "<group>"; };
		B08F73C520755C4F008A84A0 /* FCPPFace.h */ = {isa = PBXFileReference; fileEncoding = 4; lastKnownFileType = sourcecode.c.h; path = FCPPFace.h; sourceTree = "<group>"; };
		B08F73C620755C4F008A84A0 /* UIImage+FCExtension.h */ = {isa = PBXFileReference; fileEncoding = 4; lastKnownFileType = sourcecode.c.h; path = "UIImage+FCExtension.h"; sourceTree = "<group>"; };
		B08F73C720755C4F008A84A0 /* FCPPBody.m */ = {isa = PBXFileReference; fileEncoding = 4; lastKnownFileType = sourcecode.c.objc; path = FCPPBody.m; sourceTree = "<group>"; };
		B08F73C820755C4F008A84A0 /* FCPPOCR.h */ = {isa = PBXFileReference; fileEncoding = 4; lastKnownFileType = sourcecode.c.h; path = FCPPOCR.h; sourceTree = "<group>"; };
		B08F73D320755C55008A84A0 /* UIProgressView+AFNetworking.m */ = {isa = PBXFileReference; fileEncoding = 4; lastKnownFileType = sourcecode.c.objc; path = "UIProgressView+AFNetworking.m"; sourceTree = "<group>"; };
		B08F73D420755C55008A84A0 /* UIButton+AFNetworking.h */ = {isa = PBXFileReference; fileEncoding = 4; lastKnownFileType = sourcecode.c.h; path = "UIButton+AFNetworking.h"; sourceTree = "<group>"; };
		B08F73D520755C55008A84A0 /* UIRefreshControl+AFNetworking.m */ = {isa = PBXFileReference; fileEncoding = 4; lastKnownFileType = sourcecode.c.objc; path = "UIRefreshControl+AFNetworking.m"; sourceTree = "<group>"; };
		B08F73D620755C55008A84A0 /* UIImageView+AFNetworking.h */ = {isa = PBXFileReference; fileEncoding = 4; lastKnownFileType = sourcecode.c.h; path = "UIImageView+AFNetworking.h"; sourceTree = "<group>"; };
		B08F73D720755C55008A84A0 /* AFImageDownloader.h */ = {isa = PBXFileReference; fileEncoding = 4; lastKnownFileType = sourcecode.c.h; path = AFImageDownloader.h; sourceTree = "<group>"; };
		B08F73D820755C55008A84A0 /* AFNetworkActivityIndicatorManager.m */ = {isa = PBXFileReference; fileEncoding = 4; lastKnownFileType = sourcecode.c.objc; path = AFNetworkActivityIndicatorManager.m; sourceTree = "<group>"; };
		B08F73D920755C55008A84A0 /* AFAutoPurgingImageCache.h */ = {isa = PBXFileReference; fileEncoding = 4; lastKnownFileType = sourcecode.c.h; path = AFAutoPurgingImageCache.h; sourceTree = "<group>"; };
		B08F73DA20755C55008A84A0 /* UIWebView+AFNetworking.h */ = {isa = PBXFileReference; fileEncoding = 4; lastKnownFileType = sourcecode.c.h; path = "UIWebView+AFNetworking.h"; sourceTree = "<group>"; };
		B08F73DB20755C55008A84A0 /* UIActivityIndicatorView+AFNetworking.h */ = {isa = PBXFileReference; fileEncoding = 4; lastKnownFileType = sourcecode.c.h; path = "UIActivityIndicatorView+AFNetworking.h"; sourceTree = "<group>"; };
		B08F73DC20755C55008A84A0 /* UIImage+AFNetworking.h */ = {isa = PBXFileReference; fileEncoding = 4; lastKnownFileType = sourcecode.c.h; path = "UIImage+AFNetworking.h"; sourceTree = "<group>"; };
		B08F73DD20755C55008A84A0 /* UIProgressView+AFNetworking.h */ = {isa = PBXFileReference; fileEncoding = 4; lastKnownFileType = sourcecode.c.h; path = "UIProgressView+AFNetworking.h"; sourceTree = "<group>"; };
		B08F73DE20755C55008A84A0 /* UIImageView+AFNetworking.m */ = {isa = PBXFileReference; fileEncoding = 4; lastKnownFileType = sourcecode.c.objc; path = "UIImageView+AFNetworking.m"; sourceTree = "<group>"; };
		B08F73DF20755C55008A84A0 /* UIKit+AFNetworking.h */ = {isa = PBXFileReference; fileEncoding = 4; lastKnownFileType = sourcecode.c.h; path = "UIKit+AFNetworking.h"; sourceTree = "<group>"; };
		B08F73E020755C55008A84A0 /* UIRefreshControl+AFNetworking.h */ = {isa = PBXFileReference; fileEncoding = 4; lastKnownFileType = sourcecode.c.h; path = "UIRefreshControl+AFNetworking.h"; sourceTree = "<group>"; };
		B08F73E120755C55008A84A0 /* UIButton+AFNetworking.m */ = {isa = PBXFileReference; fileEncoding = 4; lastKnownFileType = sourcecode.c.objc; path = "UIButton+AFNetworking.m"; sourceTree = "<group>"; };
		B08F73E220755C55008A84A0 /* UIActivityIndicatorView+AFNetworking.m */ = {isa = PBXFileReference; fileEncoding = 4; lastKnownFileType = sourcecode.c.objc; path = "UIActivityIndicatorView+AFNetworking.m"; sourceTree = "<group>"; };
		B08F73E320755C55008A84A0 /* UIWebView+AFNetworking.m */ = {isa = PBXFileReference; fileEncoding = 4; lastKnownFileType = sourcecode.c.objc; path = "UIWebView+AFNetworking.m"; sourceTree = "<group>"; };
		B08F73E420755C55008A84A0 /* AFAutoPurgingImageCache.m */ = {isa = PBXFileReference; fileEncoding = 4; lastKnownFileType = sourcecode.c.objc; path = AFAutoPurgingImageCache.m; sourceTree = "<group>"; };
		B08F73E520755C55008A84A0 /* AFNetworkActivityIndicatorManager.h */ = {isa = PBXFileReference; fileEncoding = 4; lastKnownFileType = sourcecode.c.h; path = AFNetworkActivityIndicatorManager.h; sourceTree = "<group>"; };
		B08F73E620755C55008A84A0 /* AFImageDownloader.m */ = {isa = PBXFileReference; fileEncoding = 4; lastKnownFileType = sourcecode.c.objc; path = AFImageDownloader.m; sourceTree = "<group>"; };
		B08F73E820755C55008A84A0 /* AFSecurityPolicy.h */ = {isa = PBXFileReference; fileEncoding = 4; lastKnownFileType = sourcecode.c.h; path = AFSecurityPolicy.h; sourceTree = "<group>"; };
		B08F73E920755C55008A84A0 /* AFNetworkReachabilityManager.h */ = {isa = PBXFileReference; fileEncoding = 4; lastKnownFileType = sourcecode.c.h; path = AFNetworkReachabilityManager.h; sourceTree = "<group>"; };
		B08F73EA20755C55008A84A0 /* AFURLSessionManager.h */ = {isa = PBXFileReference; fileEncoding = 4; lastKnownFileType = sourcecode.c.h; path = AFURLSessionManager.h; sourceTree = "<group>"; };
		B08F73EB20755C55008A84A0 /* AFURLRequestSerialization.h */ = {isa = PBXFileReference; fileEncoding = 4; lastKnownFileType = sourcecode.c.h; path = AFURLRequestSerialization.h; sourceTree = "<group>"; };
		B08F73EC20755C55008A84A0 /* AFURLResponseSerialization.m */ = {isa = PBXFileReference; fileEncoding = 4; lastKnownFileType = sourcecode.c.objc; path = AFURLResponseSerialization.m; sourceTree = "<group>"; };
		B08F73ED20755C55008A84A0 /* AFHTTPSessionManager.m */ = {isa = PBXFileReference; fileEncoding = 4; lastKnownFileType = sourcecode.c.objc; path = AFHTTPSessionManager.m; sourceTree = "<group>"; };
		B08F73EE20755C55008A84A0 /* AFURLResponseSerialization.h */ = {isa = PBXFileReference; fileEncoding = 4; lastKnownFileType = sourcecode.c.h; path = AFURLResponseSerialization.h; sourceTree = "<group>"; };
		B08F73EF20755C55008A84A0 /* AFURLSessionManager.m */ = {isa = PBXFileReference; fileEncoding = 4; lastKnownFileType = sourcecode.c.objc; path = AFURLSessionManager.m; sourceTree = "<group>"; };
		B08F73F020755C55008A84A0 /* AFURLRequestSerialization.m */ = {isa = PBXFileReference; fileEncoding = 4; lastKnownFileType = sourcecode.c.objc; path = AFURLRequestSerialization.m; sourceTree = "<group>"; };
		B08F73F120755C55008A84A0 /* AFNetworking.h */ = {isa = PBXFileReference; fileEncoding = 4; lastKnownFileType = sourcecode.c.h; path = AFNetworking.h; sourceTree = "<group>"; };
		B08F73F220755C55008A84A0 /* AFNetworkReachabilityManager.m */ = {isa = PBXFileReference; fileEncoding = 4; lastKnownFileType = sourcecode.c.objc; path = AFNetworkReachabilityManager.m; sourceTree = "<group>"; };
		B08F73F320755C55008A84A0 /* AFSecurityPolicy.m */ = {isa = PBXFileReference; fileEncoding = 4; lastKnownFileType = sourcecode.c.objc; path = AFSecurityPolicy.m; sourceTree = "<group>"; };
		B08F73F420755C55008A84A0 /* AFHTTPSessionManager.h */ = {isa = PBXFileReference; fileEncoding = 4; lastKnownFileType = sourcecode.c.h; path = AFHTTPSessionManager.h; sourceTree = "<group>"; };
		C3F081F83AE99DE26DD4B6E5 /* Pods-face_detection.debug.xcconfig */ = {isa = PBXFileReference; includeInIndex = 1; lastKnownFileType = text.xcconfig; name = "Pods-face_detection.debug.xcconfig"; path = "Pods/Target Support Files/Pods-face_detection/Pods-face_detection.debug.xcconfig"; sourceTree = "<group>"; };
/* End PBXFileReference section */

/* Begin PBXFrameworksBuildPhase section */
		63F2C2A7204B807A00F9CEDF /* Frameworks */ = {
			isa = PBXFrameworksBuildPhase;
			buildActionMask = 2147483647;
			files = (
				B08F73B520755BD0008A84A0 /* opencv2.framework in Frameworks */,
				63F2C2CE204B80CE00F9CEDF /* AssetsLibrary.framework in Frameworks */,
				63F2C2CF204B80CE00F9CEDF /* CoreFoundation.framework in Frameworks */,
				63F2C2D0204B80CE00F9CEDF /* CoreGraphics.framework in Frameworks */,
				63F2C2D1204B80CE00F9CEDF /* CoreMedia.framework in Frameworks */,
				63F2C2D2204B80CE00F9CEDF /* Accelerate.framework in Frameworks */,
				D21440532A5C2A933F9411D4 /* Pods_face_detection.framework in Frameworks */,
			);
			runOnlyForDeploymentPostprocessing = 0;
		};
/* End PBXFrameworksBuildPhase section */

/* Begin PBXGroup section */
		01E69771C528D6232DFDFE89 /* Pods */ = {
			isa = PBXGroup;
			children = (
				C3F081F83AE99DE26DD4B6E5 /* Pods-face_detection.debug.xcconfig */,
				696096EF6D42B95253477A9C /* Pods-face_detection.release.xcconfig */,
			);
			name = Pods;
			sourceTree = "<group>";
		};
		63F2C2A1204B807A00F9CEDF = {
			isa = PBXGroup;
			children = (
				63F2C2AC204B807A00F9CEDF /* face_detection */,
				63F2C2AB204B807A00F9CEDF /* Products */,
				63F2C2C8204B80CE00F9CEDF /* Frameworks */,
				01E69771C528D6232DFDFE89 /* Pods */,
			);
			sourceTree = "<group>";
		};
		63F2C2AB204B807A00F9CEDF /* Products */ = {
			isa = PBXGroup;
			children = (
				63F2C2AA204B807A00F9CEDF /* face_detection.app */,
			);
			name = Products;
			sourceTree = "<group>";
		};
		63F2C2AC204B807A00F9CEDF /* face_detection */ = {
			isa = PBXGroup;
			children = (
				B04B0896207B7A2C00A19863 /* SDWebImage */,
				B04B0892207B79A100A19863 /* MBProgressHUD */,
				B04B088C207B779E00A19863 /* Controller */,
				B08F73B620755C4F008A84A0 /* FCPPSDK */,
				B08F73D120755C55008A84A0 /* AFNetworking */,
				63F2C2BF204B807F00F9CEDF /* res */,
				63F2C2C1204B808700F9CEDF /* classes */,
				63F2C2AD204B807A00F9CEDF /* AppDelegate.swift */,
				63F2C2B4204B807A00F9CEDF /* Assets.xcassets */,
				63F2C2B6204B807A00F9CEDF /* LaunchScreen.storyboard */,
				B01E6EF720C6FAB5003102EE /* Main.storyboard */,
				B01E6EF320C6E1F3003102EE /* ARMain.storyboard */,
				63F2C2B9204B807A00F9CEDF /* Info.plist */,
			);
			path = face_detection;
			sourceTree = "<group>";
		};
		63F2C2BF204B807F00F9CEDF /* res */ = {
			isa = PBXGroup;
			children = (
				63F2C2C3204B809400F9CEDF /* haarcascade_eye.xml */,
				63F2C2C2204B809400F9CEDF /* haarcascade_frontalface_default.xml */,
			);
			path = res;
			sourceTree = "<group>";
		};
		63F2C2C1204B808700F9CEDF /* classes */ = {
			isa = PBXGroup;
			children = (
				63F2C2D8204BA00900F9CEDF /* FrameExtractor.swift */,
				63F2C2D4204B80EA00F9CEDF /* OpencvWrapper.h */,
				63F2C2D5204B80EA00F9CEDF /* OpencvWrapper.mm */,
				63F2C2D3204B80EA00F9CEDF /* face_detection-Bridging-Header.h */,
				63F2C2D7204B80FD00F9CEDF /* PrefixHeader.pch */,
			);
			path = classes;
			sourceTree = "<group>";
		};
		63F2C2C8204B80CE00F9CEDF /* Frameworks */ = {
			isa = PBXGroup;
			children = (
				B08F73B420755BD0008A84A0 /* opencv2.framework */,
				63F2C2CD204B80CE00F9CEDF /* Accelerate.framework */,
				63F2C2C9204B80CE00F9CEDF /* AssetsLibrary.framework */,
				63F2C2CA204B80CE00F9CEDF /* CoreFoundation.framework */,
				63F2C2CB204B80CE00F9CEDF /* CoreGraphics.framework */,
				63F2C2CC204B80CE00F9CEDF /* CoreMedia.framework */,
				757B2F183E4F04C198D14412 /* Pods_face_detection.framework */,
			);
			name = Frameworks;
			sourceTree = "<group>";
		};
		B04B088C207B779E00A19863 /* Controller */ = {
			isa = PBXGroup;
			children = (
				B04B088D207B791600A19863 /* FCSearchViewController.h */,
				B04B088E207B791600A19863 /* FCSearchViewController.m */,
				B04B088F207B791600A19863 /* FCSearchViewController.xib */,
				B05BA813207682AF00AD20BB /* MainViewController.swift */,
				63F2C2AF204B807A00F9CEDF /* ViewController.swift */,
				B04B08C2207B7E4A00A19863 /* AddFaceViewController.swift */,
				B02A0C2F208FABF6003A9838 /* LoginCoordinator.swift */,
				B02A0C33208FACB5003A9838 /* FirstViewController.swift */,
				B01E6EFB20C70044003102EE /* ARFaceViewController.swift */,
				B01E6ED620C6D5FD003102EE /* ARViewController.swift */,
				B01E6EE520C6DBCF003102EE /* MobileNet.mlmodel */,
			);
			path = Controller;
			sourceTree = "<group>";
		};
		B04B0892207B79A100A19863 /* MBProgressHUD */ = {
			isa = PBXGroup;
			children = (
				B04B0893207B79C800A19863 /* MBProgressHUD.h */,
				B04B0894207B79C800A19863 /* MBProgressHUD.m */,
			);
			path = MBProgressHUD;
			sourceTree = "<group>";
		};
		B04B0896207B7A2C00A19863 /* SDWebImage */ = {
			isa = PBXGroup;
			children = (
				B04B08AF207B7A4500A19863 /* NSData+ImageContentType.h */,
				B04B08B1207B7A4500A19863 /* NSData+ImageContentType.m */,
				B04B0898207B7A4400A19863 /* SDImageCache.h */,
				B04B08AD207B7A4500A19863 /* SDImageCache.m */,
				B04B08A6207B7A4500A19863 /* SDWebImageCompat.h */,
				B04B089B207B7A4400A19863 /* SDWebImageCompat.m */,
				B04B089A207B7A4400A19863 /* SDWebImageDecoder.h */,
				B04B08A4207B7A4500A19863 /* SDWebImageDecoder.m */,
				B04B089F207B7A4400A19863 /* SDWebImageDownloader.h */,
				B04B08A3207B7A4400A19863 /* SDWebImageDownloader.m */,
				B04B08A7207B7A4500A19863 /* SDWebImageDownloaderOperation.h */,
				B04B08AC207B7A4500A19863 /* SDWebImageDownloaderOperation.m */,
				B04B089E207B7A4400A19863 /* SDWebImageManager.h */,
				B04B08AB207B7A4500A19863 /* SDWebImageManager.m */,
				B04B08AE207B7A4500A19863 /* SDWebImageOperation.h */,
				B04B08B2207B7A4600A19863 /* SDWebImagePrefetcher.h */,
				B04B089C207B7A4400A19863 /* SDWebImagePrefetcher.m */,
				B04B08A5207B7A4500A19863 /* UIButton+WebCache.h */,
				B04B0897207B7A4400A19863 /* UIButton+WebCache.m */,
				B04B089D207B7A4400A19863 /* UIImage+GIF.h */,
				B04B08B0207B7A4500A19863 /* UIImage+GIF.m */,
				B04B08A0207B7A4400A19863 /* UIImage+MultiFormat.h */,
				B04B08A1207B7A4400A19863 /* UIImage+MultiFormat.m */,
				B04B08A8207B7A4500A19863 /* UIImageView+HighlightedWebCache.h */,
				B04B08B3207B7A4600A19863 /* UIImageView+HighlightedWebCache.m */,
				B04B08A9207B7A4500A19863 /* UIImageView+WebCache.h */,
				B04B0899207B7A4400A19863 /* UIImageView+WebCache.m */,
				B04B08AA207B7A4500A19863 /* UIView+WebCacheOperation.h */,
				B04B08A2207B7A4400A19863 /* UIView+WebCacheOperation.m */,
			);
			path = SDWebImage;
			sourceTree = "<group>";
		};
		B08F73B620755C4F008A84A0 /* FCPPSDK */ = {
			isa = PBXGroup;
			children = (
				B08F73B720755C4F008A84A0 /* FCPPConfig.h */,
				B08F73B820755C4F008A84A0 /* FCPPApi.h */,
				B08F73B920755C4F008A84A0 /* FCPPMergeface.m */,
				B08F73BA20755C4F008A84A0 /* FCPPFaceDetect.m */,
				B08F73BB20755C4F008A84A0 /* FCPPSDK.h */,
				B08F73BC20755C4F008A84A0 /* FCPPFaceSet.h */,
				B08F73BD20755C4F008A84A0 /* FCPPFace.m */,
				B08F73BE20755C4F008A84A0 /* FCPPOCR.m */,
				B08F73BF20755C4F008A84A0 /* FCPPBody.h */,
				B08F73C020755C4F008A84A0 /* UIImage+FCExtension.m */,
				B08F73C120755C4F008A84A0 /* FCPPMergeface.h */,
				B08F73C220755C4F008A84A0 /* FCPPApi.m */,
				B08F73C320755C4F008A84A0 /* FCPPFaceSet.m */,
				B08F73C420755C4F008A84A0 /* FCPPFaceDetect.h */,
				B08F73C520755C4F008A84A0 /* FCPPFace.h */,
				B08F73C620755C4F008A84A0 /* UIImage+FCExtension.h */,
				B08F73C720755C4F008A84A0 /* FCPPBody.m */,
				B08F73C820755C4F008A84A0 /* FCPPOCR.h */,
			);
			path = FCPPSDK;
			sourceTree = "<group>";
		};
		B08F73D120755C55008A84A0 /* AFNetworking */ = {
			isa = PBXGroup;
			children = (
				B08F73D220755C55008A84A0 /* UIKit+AFNetworking */,
				B08F73E720755C55008A84A0 /* AFNetworking */,
			);
			path = AFNetworking;
			sourceTree = "<group>";
		};
		B08F73D220755C55008A84A0 /* UIKit+AFNetworking */ = {
			isa = PBXGroup;
			children = (
				B08F73D320755C55008A84A0 /* UIProgressView+AFNetworking.m */,
				B08F73D420755C55008A84A0 /* UIButton+AFNetworking.h */,
				B08F73D520755C55008A84A0 /* UIRefreshControl+AFNetworking.m */,
				B08F73D620755C55008A84A0 /* UIImageView+AFNetworking.h */,
				B08F73D720755C55008A84A0 /* AFImageDownloader.h */,
				B08F73D820755C55008A84A0 /* AFNetworkActivityIndicatorManager.m */,
				B08F73D920755C55008A84A0 /* AFAutoPurgingImageCache.h */,
				B08F73DA20755C55008A84A0 /* UIWebView+AFNetworking.h */,
				B08F73DB20755C55008A84A0 /* UIActivityIndicatorView+AFNetworking.h */,
				B08F73DC20755C55008A84A0 /* UIImage+AFNetworking.h */,
				B08F73DD20755C55008A84A0 /* UIProgressView+AFNetworking.h */,
				B08F73DE20755C55008A84A0 /* UIImageView+AFNetworking.m */,
				B08F73DF20755C55008A84A0 /* UIKit+AFNetworking.h */,
				B08F73E020755C55008A84A0 /* UIRefreshControl+AFNetworking.h */,
				B08F73E120755C55008A84A0 /* UIButton+AFNetworking.m */,
				B08F73E220755C55008A84A0 /* UIActivityIndicatorView+AFNetworking.m */,
				B08F73E320755C55008A84A0 /* UIWebView+AFNetworking.m */,
				B08F73E420755C55008A84A0 /* AFAutoPurgingImageCache.m */,
				B08F73E520755C55008A84A0 /* AFNetworkActivityIndicatorManager.h */,
				B08F73E620755C55008A84A0 /* AFImageDownloader.m */,
			);
			path = "UIKit+AFNetworking";
			sourceTree = "<group>";
		};
		B08F73E720755C55008A84A0 /* AFNetworking */ = {
			isa = PBXGroup;
			children = (
				B08F73E820755C55008A84A0 /* AFSecurityPolicy.h */,
				B08F73E920755C55008A84A0 /* AFNetworkReachabilityManager.h */,
				B08F73EA20755C55008A84A0 /* AFURLSessionManager.h */,
				B08F73EB20755C55008A84A0 /* AFURLRequestSerialization.h */,
				B08F73EC20755C55008A84A0 /* AFURLResponseSerialization.m */,
				B08F73ED20755C55008A84A0 /* AFHTTPSessionManager.m */,
				B08F73EE20755C55008A84A0 /* AFURLResponseSerialization.h */,
				B08F73EF20755C55008A84A0 /* AFURLSessionManager.m */,
				B08F73F020755C55008A84A0 /* AFURLRequestSerialization.m */,
				B08F73F120755C55008A84A0 /* AFNetworking.h */,
				B08F73F220755C55008A84A0 /* AFNetworkReachabilityManager.m */,
				B08F73F320755C55008A84A0 /* AFSecurityPolicy.m */,
				B08F73F420755C55008A84A0 /* AFHTTPSessionManager.h */,
			);
			path = AFNetworking;
			sourceTree = "<group>";
		};
/* End PBXGroup section */

/* Begin PBXNativeTarget section */
		63F2C2A9204B807A00F9CEDF /* face_detection */ = {
			isa = PBXNativeTarget;
			buildConfigurationList = 63F2C2BC204B807A00F9CEDF /* Build configuration list for PBXNativeTarget "face_detection" */;
			buildPhases = (
				158FF9214C8DC584DD001587 /* [CP] Check Pods Manifest.lock */,
				63F2C2A6204B807A00F9CEDF /* Sources */,
				63F2C2A7204B807A00F9CEDF /* Frameworks */,
				63F2C2A8204B807A00F9CEDF /* Resources */,
				7129BDB06B6DF9E3BEE08376 /* [CP] Embed Pods Frameworks */,
			);
			buildRules = (
			);
			dependencies = (
			);
			name = face_detection;
			productName = face_detection;
			productReference = 63F2C2AA204B807A00F9CEDF /* face_detection.app */;
			productType = "com.apple.product-type.application";
		};
/* End PBXNativeTarget section */

/* Begin PBXProject section */
		63F2C2A2204B807A00F9CEDF /* Project object */ = {
			isa = PBXProject;
			attributes = {
				LastSwiftUpdateCheck = 0920;
				LastUpgradeCheck = 0920;
				ORGANIZATIONNAME = hadri;
				TargetAttributes = {
					63F2C2A9204B807A00F9CEDF = {
						CreatedOnToolsVersion = 9.2;
						LastSwiftMigration = 0920;
						ProvisioningStyle = Automatic;
					};
				};
			};
			buildConfigurationList = 63F2C2A5204B807A00F9CEDF /* Build configuration list for PBXProject "face_detection" */;
			compatibilityVersion = "Xcode 8.0";
			developmentRegion = en;
			hasScannedForEncodings = 0;
			knownRegions = (
				en,
				Base,
			);
			mainGroup = 63F2C2A1204B807A00F9CEDF;
			productRefGroup = 63F2C2AB204B807A00F9CEDF /* Products */;
			projectDirPath = "";
			projectRoot = "";
			targets = (
				63F2C2A9204B807A00F9CEDF /* face_detection */,
			);
		};
/* End PBXProject section */

/* Begin PBXResourcesBuildPhase section */
		63F2C2A8204B807A00F9CEDF /* Resources */ = {
			isa = PBXResourcesBuildPhase;
			buildActionMask = 2147483647;
			files = (
				B01E6EF820C6FAB5003102EE /* Main.storyboard in Resources */,
				63F2C2B8204B807A00F9CEDF /* LaunchScreen.storyboard in Resources */,
				B01E6EF420C6E1F4003102EE /* ARMain.storyboard in Resources */,
				63F2C2B5204B807A00F9CEDF /* Assets.xcassets in Resources */,
				63F2C2C4204B809500F9CEDF /* haarcascade_frontalface_default.xml in Resources */,
				B04B0891207B791600A19863 /* FCSearchViewController.xib in Resources */,
				63F2C2C5204B809500F9CEDF /* haarcascade_eye.xml in Resources */,
			);
			runOnlyForDeploymentPostprocessing = 0;
		};
/* End PBXResourcesBuildPhase section */

/* Begin PBXShellScriptBuildPhase section */
		158FF9214C8DC584DD001587 /* [CP] Check Pods Manifest.lock */ = {
			isa = PBXShellScriptBuildPhase;
			buildActionMask = 2147483647;
			files = (
			);
			inputPaths = (
				"${PODS_PODFILE_DIR_PATH}/Podfile.lock",
				"${PODS_ROOT}/Manifest.lock",
			);
			name = "[CP] Check Pods Manifest.lock";
			outputPaths = (
				"$(DERIVED_FILE_DIR)/Pods-face_detection-checkManifestLockResult.txt",
			);
			runOnlyForDeploymentPostprocessing = 0;
			shellPath = /bin/sh;
			shellScript = "diff \"${PODS_PODFILE_DIR_PATH}/Podfile.lock\" \"${PODS_ROOT}/Manifest.lock\" > /dev/null\nif [ $? != 0 ] ; then\n    # print error to STDERR\n    echo \"error: The sandbox is not in sync with the Podfile.lock. Run 'pod install' or update your CocoaPods installation.\" >&2\n    exit 1\nfi\n# This output is used by Xcode 'outputs' to avoid re-running this script phase.\necho \"SUCCESS\" > \"${SCRIPT_OUTPUT_FILE_0}\"\n";
			showEnvVarsInLog = 0;
		};
		7129BDB06B6DF9E3BEE08376 /* [CP] Embed Pods Frameworks */ = {
			isa = PBXShellScriptBuildPhase;
			buildActionMask = 2147483647;
			files = (
			);
			inputPaths = (
				"${SRCROOT}/Pods/Target Support Files/Pods-face_detection/Pods-face_detection-frameworks.sh",
				"${BUILT_PRODUCTS_DIR}/Bolts/Bolts.framework",
				"${BUILT_PRODUCTS_DIR}/FBSDKCoreKit/FBSDKCoreKit.framework",
				"${BUILT_PRODUCTS_DIR}/FBSDKLoginKit/FBSDKLoginKit.framework",
				"${BUILT_PRODUCTS_DIR}/ILLoginKit/ILLoginKit.framework",
				"${BUILT_PRODUCTS_DIR}/Validator/Validator.framework",
			);
			name = "[CP] Embed Pods Frameworks";
			outputPaths = (
				"${TARGET_BUILD_DIR}/${FRAMEWORKS_FOLDER_PATH}/Bolts.framework",
				"${TARGET_BUILD_DIR}/${FRAMEWORKS_FOLDER_PATH}/FBSDKCoreKit.framework",
				"${TARGET_BUILD_DIR}/${FRAMEWORKS_FOLDER_PATH}/FBSDKLoginKit.framework",
				"${TARGET_BUILD_DIR}/${FRAMEWORKS_FOLDER_PATH}/ILLoginKit.framework",
				"${TARGET_BUILD_DIR}/${FRAMEWORKS_FOLDER_PATH}/Validator.framework",
			);
			runOnlyForDeploymentPostprocessing = 0;
			shellPath = /bin/sh;
			shellScript = "\"${SRCROOT}/Pods/Target Support Files/Pods-face_detection/Pods-face_detection-frameworks.sh\"\n";
			showEnvVarsInLog = 0;
		};
/* End PBXShellScriptBuildPhase section */

/* Begin PBXSourcesBuildPhase section */
		63F2C2A6204B807A00F9CEDF /* Sources */ = {
			isa = PBXSourcesBuildPhase;
			buildActionMask = 2147483647;
			files = (
				B08F73F920755C55008A84A0 /* UIButton+AFNetworking.m in Sources */,
				B08F73CA20755C4F008A84A0 /* FCPPFaceDetect.m in Sources */,
				B08F73CC20755C4F008A84A0 /* FCPPOCR.m in Sources */,
				B01E6ED720C6D5FD003102EE /* ARViewController.swift in Sources */,
				63F2C2D6204B80EA00F9CEDF /* OpencvWrapper.mm in Sources */,
				B04B0890207B791600A19863 /* FCSearchViewController.m in Sources */,
				B08F73FE20755C55008A84A0 /* AFURLResponseSerialization.m in Sources */,
				B04B08C1207B7A4600A19863 /* UIImageView+HighlightedWebCache.m in Sources */,
				B08F73CE20755C4F008A84A0 /* FCPPApi.m in Sources */,
				B04B08B7207B7A4600A19863 /* SDWebImagePrefetcher.m in Sources */,
				B04B08C0207B7A4600A19863 /* NSData+ImageContentType.m in Sources */,
				B01E6EE620C6DBCF003102EE /* MobileNet.mlmodel in Sources */,
				B04B0895207B79C800A19863 /* MBProgressHUD.m in Sources */,
				B08F73D020755C4F008A84A0 /* FCPPBody.m in Sources */,
				B02A0C34208FACB5003A9838 /* FirstViewController.swift in Sources */,
				B05BA814207682AF00AD20BB /* MainViewController.swift in Sources */,
				B04B08B5207B7A4600A19863 /* UIImageView+WebCache.m in Sources */,
				B04B08BF207B7A4600A19863 /* UIImage+GIF.m in Sources */,
				B04B08BB207B7A4600A19863 /* SDWebImageDecoder.m in Sources */,
				B04B08BA207B7A4600A19863 /* SDWebImageDownloader.m in Sources */,
				B08F73FA20755C55008A84A0 /* UIActivityIndicatorView+AFNetworking.m in Sources */,
				63F2C2B0204B807A00F9CEDF /* ViewController.swift in Sources */,
				B04B08B4207B7A4600A19863 /* UIButton+WebCache.m in Sources */,
				B08F740020755C55008A84A0 /* AFURLSessionManager.m in Sources */,
				B04B08BC207B7A4600A19863 /* SDWebImageManager.m in Sources */,
				B04B08C3207B7E4A00A19863 /* AddFaceViewController.swift in Sources */,
				B04B08B9207B7A4600A19863 /* UIView+WebCacheOperation.m in Sources */,
				B08F740320755C55008A84A0 /* AFSecurityPolicy.m in Sources */,
				B04B08BE207B7A4600A19863 /* SDImageCache.m in Sources */,
				B04B08B8207B7A4600A19863 /* UIImage+MultiFormat.m in Sources */,
				B08F73CD20755C4F008A84A0 /* UIImage+FCExtension.m in Sources */,
				63F2C2D9204BA00900F9CEDF /* FrameExtractor.swift in Sources */,
				B08F73F620755C55008A84A0 /* UIRefreshControl+AFNetworking.m in Sources */,
				B08F73FD20755C55008A84A0 /* AFImageDownloader.m in Sources */,
				B01E6EFC20C70044003102EE /* ARFaceViewController.swift in Sources */,
				B04B08BD207B7A4600A19863 /* SDWebImageDownloaderOperation.m in Sources */,
				B08F740220755C55008A84A0 /* AFNetworkReachabilityManager.m in Sources */,
				B08F73FF20755C55008A84A0 /* AFHTTPSessionManager.m in Sources */,
				B04B08B6207B7A4600A19863 /* SDWebImageCompat.m in Sources */,
				B08F73CF20755C4F008A84A0 /* FCPPFaceSet.m in Sources */,
				63F2C2AE204B807A00F9CEDF /* AppDelegate.swift in Sources */,
				B08F740120755C55008A84A0 /* AFURLRequestSerialization.m in Sources */,
				B08F73F820755C55008A84A0 /* UIImageView+AFNetworking.m in Sources */,
				B08F73C920755C4F008A84A0 /* FCPPMergeface.m in Sources */,
				B02A0C30208FABF6003A9838 /* LoginCoordinator.swift in Sources */,
				B08F73FC20755C55008A84A0 /* AFAutoPurgingImageCache.m in Sources */,
				B08F73FB20755C55008A84A0 /* UIWebView+AFNetworking.m in Sources */,
				B08F73CB20755C4F008A84A0 /* FCPPFace.m in Sources */,
				B08F73F520755C55008A84A0 /* UIProgressView+AFNetworking.m in Sources */,
				B08F73F720755C55008A84A0 /* AFNetworkActivityIndicatorManager.m in Sources */,
			);
			runOnlyForDeploymentPostprocessing = 0;
		};
/* End PBXSourcesBuildPhase section */

/* Begin PBXVariantGroup section */
		63F2C2B6204B807A00F9CEDF /* LaunchScreen.storyboard */ = {
			isa = PBXVariantGroup;
			children = (
				63F2C2B7204B807A00F9CEDF /* Base */,
			);
			name = LaunchScreen.storyboard;
			sourceTree = "<group>";
		};
/* End PBXVariantGroup section */

/* Begin XCBuildConfiguration section */
		63F2C2BA204B807A00F9CEDF /* Debug */ = {
			isa = XCBuildConfiguration;
			buildSettings = {
				ALWAYS_SEARCH_USER_PATHS = NO;
				CLANG_ANALYZER_NONNULL = YES;
				CLANG_ANALYZER_NUMBER_OBJECT_CONVERSION = YES_AGGRESSIVE;
				CLANG_CXX_LANGUAGE_STANDARD = "gnu++14";
				CLANG_CXX_LIBRARY = "libc++";
				CLANG_ENABLE_MODULES = YES;
				CLANG_ENABLE_OBJC_ARC = YES;
				CLANG_WARN_BLOCK_CAPTURE_AUTORELEASING = YES;
				CLANG_WARN_BOOL_CONVERSION = YES;
				CLANG_WARN_COMMA = YES;
				CLANG_WARN_CONSTANT_CONVERSION = YES;
				CLANG_WARN_DIRECT_OBJC_ISA_USAGE = YES_ERROR;
				CLANG_WARN_DOCUMENTATION_COMMENTS = YES;
				CLANG_WARN_EMPTY_BODY = YES;
				CLANG_WARN_ENUM_CONVERSION = YES;
				CLANG_WARN_INFINITE_RECURSION = YES;
				CLANG_WARN_INT_CONVERSION = YES;
				CLANG_WARN_NON_LITERAL_NULL_CONVERSION = YES;
				CLANG_WARN_OBJC_LITERAL_CONVERSION = YES;
				CLANG_WARN_OBJC_ROOT_CLASS = YES_ERROR;
				CLANG_WARN_RANGE_LOOP_ANALYSIS = YES;
				CLANG_WARN_STRICT_PROTOTYPES = YES;
				CLANG_WARN_SUSPICIOUS_MOVE = YES;
				CLANG_WARN_UNGUARDED_AVAILABILITY = YES_AGGRESSIVE;
				CLANG_WARN_UNREACHABLE_CODE = YES;
				CLANG_WARN__DUPLICATE_METHOD_MATCH = YES;
				CODE_SIGN_IDENTITY = "iPhone Developer";
				COPY_PHASE_STRIP = NO;
				DEBUG_INFORMATION_FORMAT = dwarf;
				ENABLE_STRICT_OBJC_MSGSEND = YES;
				ENABLE_TESTABILITY = YES;
				GCC_C_LANGUAGE_STANDARD = gnu11;
				GCC_DYNAMIC_NO_PIC = NO;
				GCC_NO_COMMON_BLOCKS = YES;
				GCC_OPTIMIZATION_LEVEL = 0;
				GCC_PREPROCESSOR_DEFINITIONS = (
					"DEBUG=1",
					"$(inherited)",
				);
				GCC_WARN_64_TO_32_BIT_CONVERSION = YES;
				GCC_WARN_ABOUT_RETURN_TYPE = YES_ERROR;
				GCC_WARN_UNDECLARED_SELECTOR = YES;
				GCC_WARN_UNINITIALIZED_AUTOS = YES_AGGRESSIVE;
				GCC_WARN_UNUSED_FUNCTION = YES;
				GCC_WARN_UNUSED_VARIABLE = YES;
				IPHONEOS_DEPLOYMENT_TARGET = 11.2;
				MTL_ENABLE_DEBUG_INFO = YES;
				ONLY_ACTIVE_ARCH = YES;
				SDKROOT = iphoneos;
				SWIFT_ACTIVE_COMPILATION_CONDITIONS = DEBUG;
				SWIFT_OPTIMIZATION_LEVEL = "-Onone";
			};
			name = Debug;
		};
		63F2C2BB204B807A00F9CEDF /* Release */ = {
			isa = XCBuildConfiguration;
			buildSettings = {
				ALWAYS_SEARCH_USER_PATHS = NO;
				CLANG_ANALYZER_NONNULL = YES;
				CLANG_ANALYZER_NUMBER_OBJECT_CONVERSION = YES_AGGRESSIVE;
				CLANG_CXX_LANGUAGE_STANDARD = "gnu++14";
				CLANG_CXX_LIBRARY = "libc++";
				CLANG_ENABLE_MODULES = YES;
				CLANG_ENABLE_OBJC_ARC = YES;
				CLANG_WARN_BLOCK_CAPTURE_AUTORELEASING = YES;
				CLANG_WARN_BOOL_CONVERSION = YES;
				CLANG_WARN_COMMA = YES;
				CLANG_WARN_CONSTANT_CONVERSION = YES;
				CLANG_WARN_DIRECT_OBJC_ISA_USAGE = YES_ERROR;
				CLANG_WARN_DOCUMENTATION_COMMENTS = YES;
				CLANG_WARN_EMPTY_BODY = YES;
				CLANG_WARN_ENUM_CONVERSION = YES;
				CLANG_WARN_INFINITE_RECURSION = YES;
				CLANG_WARN_INT_CONVERSION = YES;
				CLANG_WARN_NON_LITERAL_NULL_CONVERSION = YES;
				CLANG_WARN_OBJC_LITERAL_CONVERSION = YES;
				CLANG_WARN_OBJC_ROOT_CLASS = YES_ERROR;
				CLANG_WARN_RANGE_LOOP_ANALYSIS = YES;
				CLANG_WARN_STRICT_PROTOTYPES = YES;
				CLANG_WARN_SUSPICIOUS_MOVE = YES;
				CLANG_WARN_UNGUARDED_AVAILABILITY = YES_AGGRESSIVE;
				CLANG_WARN_UNREACHABLE_CODE = YES;
				CLANG_WARN__DUPLICATE_METHOD_MATCH = YES;
				CODE_SIGN_IDENTITY = "iPhone Developer";
				COPY_PHASE_STRIP = NO;
				DEBUG_INFORMATION_FORMAT = "dwarf-with-dsym";
				ENABLE_NS_ASSERTIONS = NO;
				ENABLE_STRICT_OBJC_MSGSEND = YES;
				GCC_C_LANGUAGE_STANDARD = gnu11;
				GCC_NO_COMMON_BLOCKS = YES;
				GCC_WARN_64_TO_32_BIT_CONVERSION = YES;
				GCC_WARN_ABOUT_RETURN_TYPE = YES_ERROR;
				GCC_WARN_UNDECLARED_SELECTOR = YES;
				GCC_WARN_UNINITIALIZED_AUTOS = YES_AGGRESSIVE;
				GCC_WARN_UNUSED_FUNCTION = YES;
				GCC_WARN_UNUSED_VARIABLE = YES;
				IPHONEOS_DEPLOYMENT_TARGET = 11.2;
				MTL_ENABLE_DEBUG_INFO = NO;
				SDKROOT = iphoneos;
				SWIFT_OPTIMIZATION_LEVEL = "-Owholemodule";
				VALIDATE_PRODUCT = YES;
			};
			name = Release;
		};
		63F2C2BD204B807A00F9CEDF /* Debug */ = {
			isa = XCBuildConfiguration;
			baseConfigurationReference = C3F081F83AE99DE26DD4B6E5 /* Pods-face_detection.debug.xcconfig */;
			buildSettings = {
				ASSETCATALOG_COMPILER_APPICON_NAME = AppIcon;
				CLANG_ENABLE_MODULES = YES;
				CODE_SIGN_STYLE = Automatic;
				DEFINES_MODULE = YES;
				DEVELOPMENT_TEAM = A866U9NG4Z;
				FRAMEWORK_SEARCH_PATHS = (
					"$(inherited)",
					"$(PROJECT_DIR)/face_detection/libs",
					"$(PROJECT_DIR)",
				);
				GCC_PREFIX_HEADER = "$(SRCROOT)/face_detection/classes/prefixHeader.pch";
				INFOPLIST_FILE = face_detection/Info.plist;
				LD_RUNPATH_SEARCH_PATHS = "$(inherited) @executable_path/Frameworks";
				PRODUCT_BUNDLE_IDENTIFIER = "net.hadri.face-detection-01";
				PRODUCT_NAME = "$(TARGET_NAME)";
				SWIFT_OBJC_BRIDGING_HEADER = "face_detection/classes/face_detection-Bridging-Header.h";
				SWIFT_OPTIMIZATION_LEVEL = "-Onone";
				SWIFT_VERSION = 3.0;
				TARGETED_DEVICE_FAMILY = "1,2";
				USER_HEADER_SEARCH_PATHS = "";
			};
			name = Debug;
		};
		63F2C2BE204B807A00F9CEDF /* Release */ = {
			isa = XCBuildConfiguration;
			baseConfigurationReference = 696096EF6D42B95253477A9C /* Pods-face_detection.release.xcconfig */;
			buildSettings = {
				ASSETCATALOG_COMPILER_APPICON_NAME = AppIcon;
				CLANG_ENABLE_MODULES = YES;
				CODE_SIGN_STYLE = Automatic;
				DEFINES_MODULE = YES;
				DEVELOPMENT_TEAM = A866U9NG4Z;
				FRAMEWORK_SEARCH_PATHS = (
					"$(inherited)",
					"$(PROJECT_DIR)/face_detection/libs",
					"$(PROJECT_DIR)",
				);
				GCC_PREFIX_HEADER = "$(SRCROOT)/face_detection/classes/prefixHeader.pch";
				INFOPLIST_FILE = face_detection/Info.plist;
				LD_RUNPATH_SEARCH_PATHS = "$(inherited) @executable_path/Frameworks";
				PRODUCT_BUNDLE_IDENTIFIER = "net.hadri.face-detection-01";
				PRODUCT_NAME = "$(TARGET_NAME)";
				SWIFT_OBJC_BRIDGING_HEADER = "face_detection/classes/face_detection-Bridging-Header.h";
				SWIFT_VERSION = 3.0;
				TARGETED_DEVICE_FAMILY = "1,2";
				USER_HEADER_SEARCH_PATHS = "";
			};
			name = Release;
		};
/* End XCBuildConfiguration section */

/* Begin XCConfigurationList section */
		63F2C2A5204B807A00F9CEDF /* Build configuration list for PBXProject "face_detection" */ = {
			isa = XCConfigurationList;
			buildConfigurations = (
				63F2C2BA204B807A00F9CEDF /* Debug */,
				63F2C2BB204B807A00F9CEDF /* Release */,
			);
			defaultConfigurationIsVisible = 0;
			defaultConfigurationName = Release;
		};
		63F2C2BC204B807A00F9CEDF /* Build configuration list for PBXNativeTarget "face_detection" */ = {
			isa = XCConfigurationList;
			buildConfigurations = (
				63F2C2BD204B807A00F9CEDF /* Debug */,
				63F2C2BE204B807A00F9CEDF /* Release */,
			);
			defaultConfigurationIsVisible = 0;
			defaultConfigurationName = Release;
		};
/* End XCConfigurationList section */
	};
	rootObject = 63F2C2A2204B807A00F9CEDF /* Project object */;
}
